<Solution>
  <Folder Name="/src/" />
  <Folder Name="/src/API/">
    <Project Path="src/API/AmazonBestSellersExplorer.API/AmazonBestSellersExplorer.API.csproj" />
  </Folder>
  <Folder Name="/src/Application/">
    <Project Path="src/Application/AmazonBestSellersExplorer.Application/AmazonBestSellersExplorer.Application.csproj" />
  </Folder>
  <Folder Name="/src/Domain/">
    <Project Path="src/Domain/AmazonBestSellersExplorer.Domain/AmazonBestSellersExplorer.Domain.csproj" />
  </Folder>
  <Folder Name="/src/Infrastructure/">
    <Project Path="src/Infrastructure/AmazonBestSellersExplorer.Infrastructure/AmazonBestSellersExplorer.Infrastructure.csproj" />
  </Folder>
  <Folder Name="/src/Web/">
    <Project Path="src/Web/AmazonBestSellersExplorer.Web/AmazonBestSellersExplorer.Web.esproj">
      <Build />
      <Deploy />
    </Project>
  </Folder>
  <Folder Name="/test/" />
  <Folder Name="/test/Integration/">
    <Project Path="test/Integration/AmazonBestSellersExplorer.IntegrationTests/AmazonBestSellersExplorer.IntegrationTests.csproj" Id="424ad4ed-286d-4f84-9d29-67aff322f182" />
  </Folder>
  <Folder Name="/test/Unit/">
    <Project Path="test/Unit/AmazonBestSellersExplorer.UnitTests/AmazonBestSellersExplorer.UnitTests.csproj" Id="23ee7a40-2f6a-40cb-b8d3-1ae42855b004" />
  </Folder>
</Solution>
